// !$*UTF8*$!
{
	archiveVersion = 1;
	classes = {
	};
	objectVersion = 55;
	objects = {

/* Begin PBXBuildFile section */
		1B322E4826B043A40094F351 /* Kanna in Frameworks */ = {isa = PBXBuildFile; productRef = 1B322E4726B043A40094F351 /* Kanna */; };
		1B322E4C26B046980094F351 /* WeatherFetcher_Scraping.swift in Sources */ = {isa = PBXBuildFile; fileRef = 1B322E4B26B046980094F351 /* WeatherFetcher_Scraping.swift */; };
		1B322E4E26B05B820094F351 /* Weather_Scraping.swift in Sources */ = {isa = PBXBuildFile; fileRef = 1B322E4D26B05B820094F351 /* Weather_Scraping.swift */; };
		1B3254C2269F243100929F01 /* URLSession+Get.swift in Sources */ = {isa = PBXBuildFile; fileRef = 1B3254C1269F243100929F01 /* URLSession+Get.swift */; };
		1B3254C6269FA2FC00929F01 /* Localizable.strings in Resources */ = {isa = PBXBuildFile; fileRef = 1B3254C8269FA2FC00929F01 /* Localizable.strings */; };
		1B3254CB269FA44600929F01 /* LcliConstants.swift in Sources */ = {isa = PBXBuildFile; fileRef = 1B3254CA269FA44600929F01 /* LcliConstants.swift */; };
		1B3254D0269FAC6B00929F01 /* LoggingOSLog in Frameworks */ = {isa = PBXBuildFile; productRef = 1B3254CF269FAC6B00929F01 /* LoggingOSLog */; };
		1B3254D2269FACB700929F01 /* Logger.swift in Sources */ = {isa = PBXBuildFile; fileRef = 1B3254D1269FACB700929F01 /* Logger.swift */; };
		1B3DFB9E26B6DD5500C500B0 /* DailyWeather.swift in Sources */ = {isa = PBXBuildFile; fileRef = 1B3DFB9D26B6DD5500C500B0 /* DailyWeather.swift */; };
		1B54DE0726A6E7E90053407C /* WeatherDataView.swift in Sources */ = {isa = PBXBuildFile; fileRef = 1B54DE0626A6E7E90053407C /* WeatherDataView.swift */; };
		1B54DE0926A6FC2D0053407C /* Pollution.swift in Sources */ = {isa = PBXBuildFile; fileRef = 1B54DE0826A6FC2D0053407C /* Pollution.swift */; };
		1B59674F26C10F0A00E5F4E6 /* PickupWrap.swift in Sources */ = {isa = PBXBuildFile; fileRef = 1B59674E26C10F0A00E5F4E6 /* PickupWrap.swift */; };
		1B59CEFA26B58EE200C50974 /* HourlyWeather.swift in Sources */ = {isa = PBXBuildFile; fileRef = 1B59CEF926B58EE200C50974 /* HourlyWeather.swift */; };
		1B6F5B9F26B625BE003BF5E6 /* UserDefaults+UIImage.swift in Sources */ = {isa = PBXBuildFile; fileRef = 1B6F5B9E26B625BE003BF5E6 /* UserDefaults+UIImage.swift */; };
		1B72987C26A2BA9B00234D7A /* BackgroundView.swift in Sources */ = {isa = PBXBuildFile; fileRef = 1B72987B26A2BA9B00234D7A /* BackgroundView.swift */; };
		1B72987F26A2BBED00234D7A /* ForecastView.swift in Sources */ = {isa = PBXBuildFile; fileRef = 1B72987E26A2BBED00234D7A /* ForecastView.swift */; };
		1B7E1E3D26A237BC006707BB /* WeatherTabView.swift in Sources */ = {isa = PBXBuildFile; fileRef = 1B7E1E3C26A237BC006707BB /* WeatherTabView.swift */; };
		1B7E1E3F26A23A75006707BB /* WeatherView.swift in Sources */ = {isa = PBXBuildFile; fileRef = 1B7E1E3E26A23A75006707BB /* WeatherView.swift */; };
		1B86F3EB26A0699F00A08D24 /* HomeView.swift in Sources */ = {isa = PBXBuildFile; fileRef = 1B86F3EA26A0699F00A08D24 /* HomeView.swift */; };
		1B86F3ED26A0707D00A08D24 /* TabItem.swift in Sources */ = {isa = PBXBuildFile; fileRef = 1B86F3EC26A0707D00A08D24 /* TabItem.swift */; };
		1B86F3F026A076F500A08D24 /* UIDevice+SafeArea.swift in Sources */ = {isa = PBXBuildFile; fileRef = 1B86F3EF26A076F500A08D24 /* UIDevice+SafeArea.swift */; };
		1BA92CA02697BC1A00EE5467 /* Constants.swift in Sources */ = {isa = PBXBuildFile; fileRef = 1BA92C9F2697BC1A00EE5467 /* Constants.swift */; };
		1BB3117B2699890A00BD4C48 /* LocationFetcher.swift in Sources */ = {isa = PBXBuildFile; fileRef = 1BB3117A2699890A00BD4C48 /* LocationFetcher.swift */; };
		1BB5AB902687503F00CB6C1A /* ConveniAppApp.swift in Sources */ = {isa = PBXBuildFile; fileRef = 1BB5AB8F2687503F00CB6C1A /* ConveniAppApp.swift */; };
		1BB5AB922687503F00CB6C1A /* ContentView.swift in Sources */ = {isa = PBXBuildFile; fileRef = 1BB5AB912687503F00CB6C1A /* ContentView.swift */; };
		1BB5AB942687504000CB6C1A /* Assets.xcassets in Resources */ = {isa = PBXBuildFile; fileRef = 1BB5AB932687504000CB6C1A /* Assets.xcassets */; };
		1BB5AB972687504000CB6C1A /* Preview Assets.xcassets in Resources */ = {isa = PBXBuildFile; fileRef = 1BB5AB962687504000CB6C1A /* Preview Assets.xcassets */; };
		1BB5ABA12687504000CB6C1A /* ConveniAppTests.swift in Sources */ = {isa = PBXBuildFile; fileRef = 1BB5ABA02687504000CB6C1A /* ConveniAppTests.swift */; };
		1BB5ABAB2687504000CB6C1A /* ConveniAppUITests.swift in Sources */ = {isa = PBXBuildFile; fileRef = 1BB5ABAA2687504000CB6C1A /* ConveniAppUITests.swift */; };
		1BC25D73268BE2C0006AF8F2 /* WeatherFetcher.swift in Sources */ = {isa = PBXBuildFile; fileRef = 1BC25D72268BE2C0006AF8F2 /* WeatherFetcher.swift */; };
		1BC25D78268C216C006AF8F2 /* Weather.swift in Sources */ = {isa = PBXBuildFile; fileRef = 1BC25D77268C216C006AF8F2 /* Weather.swift */; };
		1BC25D7A268C2451006AF8F2 /* APIError.swift in Sources */ = {isa = PBXBuildFile; fileRef = 1BC25D79268C2451006AF8F2 /* APIError.swift */; };
		1BC8827526C2BDC300BEBC31 /* News.swift in Sources */ = {isa = PBXBuildFile; fileRef = 1BC8827426C2BDC300BEBC31 /* News.swift */; };
		1BD040B726BFBB9200255DF0 /* Pm2_5Info.swift in Sources */ = {isa = PBXBuildFile; fileRef = 1BD040B626BFBB9200255DF0 /* Pm2_5Info.swift */; };
		1BD040B926BFBF9500255DF0 /* PM25View.swift in Sources */ = {isa = PBXBuildFile; fileRef = 1BD040B826BFBF9500255DF0 /* PM25View.swift */; };
		1BE0B4AC26A29A5500A726FD /* CustomStackView.swift in Sources */ = {isa = PBXBuildFile; fileRef = 1BE0B4AB26A29A5500A726FD /* CustomStackView.swift */; };
		1BE0B4AE26A29B3400A726FD /* CustomConrnerView.swift in Sources */ = {isa = PBXBuildFile; fileRef = 1BE0B4AD26A29B3400A726FD /* CustomConrnerView.swift */; };
		1BF9F2222697C7A000260273 /* NetworkMonitor.swift in Sources */ = {isa = PBXBuildFile; fileRef = 1BF9F2212697C79F00260273 /* NetworkMonitor.swift */; };
		BF1E012026C49A820082C5AF /* NewsFetcher.swift in Sources */ = {isa = PBXBuildFile; fileRef = BF1E011F26C49A820082C5AF /* NewsFetcher.swift */; };
		BF51A0B7290AC44000602B22 /* JobFetcher.swift in Sources */ = {isa = PBXBuildFile; fileRef = BF51A0B6290AC44000602B22 /* JobFetcher.swift */; };
		BF51A0B9290AC53200602B22 /* Job.swift in Sources */ = {isa = PBXBuildFile; fileRef = BF51A0B8290AC53200602B22 /* Job.swift */; };
		BF51A0BB290AC57200602B22 /* JobType.swift in Sources */ = {isa = PBXBuildFile; fileRef = BF51A0BA290AC57200602B22 /* JobType.swift */; };
		BF51A0BE290ACD2B00602B22 /* JobView.swift in Sources */ = {isa = PBXBuildFile; fileRef = BF51A0BD290ACD2B00602B22 /* JobView.swift */; };
		BF6B855426DC8D9F00981CB1 /* NewsType.swift in Sources */ = {isa = PBXBuildFile; fileRef = BF6B855326DC8D9F00981CB1 /* NewsType.swift */; };
		BF6CFEE926DA0351009C29B4 /* Actor+Timeout.swift in Sources */ = {isa = PBXBuildFile; fileRef = BF6CFEE826DA0351009C29B4 /* Actor+Timeout.swift */; };
		BF7E72732912A033003CB035 /* JobWebView.swift in Sources */ = {isa = PBXBuildFile; fileRef = BF7E72722912A033003CB035 /* JobWebView.swift */; };
		BFC907C026CDCCE5006B1141 /* NewsView.swift in Sources */ = {isa = PBXBuildFile; fileRef = BFC907BF26CDCCE5006B1141 /* NewsView.swift */; };
		BFC907C226CE14C5006B1141 /* ArchiveButtonView.swift in Sources */ = {isa = PBXBuildFile; fileRef = BFC907C126CE14C5006B1141 /* ArchiveButtonView.swift */; };
		BFCC931B28AE864E005B0B29 /* YahooNewsParam.swift in Sources */ = {isa = PBXBuildFile; fileRef = BFCC931A28AE864E005B0B29 /* YahooNewsParam.swift */; };
/* End PBXBuildFile section */

/* Begin PBXContainerItemProxy section */
		1BB5AB9D2687504000CB6C1A /* PBXContainerItemProxy */ = {
			isa = PBXContainerItemProxy;
			containerPortal = 1BB5AB842687503F00CB6C1A /* Project object */;
			proxyType = 1;
			remoteGlobalIDString = 1BB5AB8B2687503F00CB6C1A;
			remoteInfo = ConveniApp;
		};
		1BB5ABA72687504000CB6C1A /* PBXContainerItemProxy */ = {
			isa = PBXContainerItemProxy;
			containerPortal = 1BB5AB842687503F00CB6C1A /* Project object */;
			proxyType = 1;
			remoteGlobalIDString = 1BB5AB8B2687503F00CB6C1A;
			remoteInfo = ConveniApp;
		};
/* End PBXContainerItemProxy section */

/* Begin PBXFileReference section */
		1B322E4B26B046980094F351 /* WeatherFetcher_Scraping.swift */ = {isa = PBXFileReference; lastKnownFileType = sourcecode.swift; path = WeatherFetcher_Scraping.swift; sourceTree = "<group>"; };
		1B322E4D26B05B820094F351 /* Weather_Scraping.swift */ = {isa = PBXFileReference; lastKnownFileType = sourcecode.swift; path = Weather_Scraping.swift; sourceTree = "<group>"; };
		1B3254C1269F243100929F01 /* URLSession+Get.swift */ = {isa = PBXFileReference; lastKnownFileType = sourcecode.swift; path = "URLSession+Get.swift"; sourceTree = "<group>"; };
		1B3254C7269FA2FC00929F01 /* en */ = {isa = PBXFileReference; lastKnownFileType = text.plist.strings; name = en; path = en.lproj/Localizable.strings; sourceTree = "<group>"; };
		1B3254C9269FA32000929F01 /* ja */ = {isa = PBXFileReference; lastKnownFileType = text.plist.strings; name = ja; path = ja.lproj/Localizable.strings; sourceTree = "<group>"; };
		1B3254CA269FA44600929F01 /* LcliConstants.swift */ = {isa = PBXFileReference; lastKnownFileType = sourcecode.swift; path = LcliConstants.swift; sourceTree = "<group>"; };
		1B3254D1269FACB700929F01 /* Logger.swift */ = {isa = PBXFileReference; lastKnownFileType = sourcecode.swift; path = Logger.swift; sourceTree = "<group>"; };
		1B3DFB9D26B6DD5500C500B0 /* DailyWeather.swift */ = {isa = PBXFileReference; lastKnownFileType = sourcecode.swift; path = DailyWeather.swift; sourceTree = "<group>"; };
		1B54DE0626A6E7E90053407C /* WeatherDataView.swift */ = {isa = PBXFileReference; lastKnownFileType = sourcecode.swift; path = WeatherDataView.swift; sourceTree = "<group>"; };
		1B54DE0826A6FC2D0053407C /* Pollution.swift */ = {isa = PBXFileReference; lastKnownFileType = sourcecode.swift; path = Pollution.swift; sourceTree = "<group>"; };
		1B59674E26C10F0A00E5F4E6 /* PickupWrap.swift */ = {isa = PBXFileReference; lastKnownFileType = sourcecode.swift; path = PickupWrap.swift; sourceTree = "<group>"; };
		1B59CEF926B58EE200C50974 /* HourlyWeather.swift */ = {isa = PBXFileReference; lastKnownFileType = sourcecode.swift; path = HourlyWeather.swift; sourceTree = "<group>"; };
		1B6F5B9E26B625BE003BF5E6 /* UserDefaults+UIImage.swift */ = {isa = PBXFileReference; lastKnownFileType = sourcecode.swift; path = "UserDefaults+UIImage.swift"; sourceTree = "<group>"; };
		1B72987B26A2BA9B00234D7A /* BackgroundView.swift */ = {isa = PBXFileReference; lastKnownFileType = sourcecode.swift; path = BackgroundView.swift; sourceTree = "<group>"; };
		1B72987E26A2BBED00234D7A /* ForecastView.swift */ = {isa = PBXFileReference; lastKnownFileType = sourcecode.swift; path = ForecastView.swift; sourceTree = "<group>"; };
		1B7E1E3C26A237BC006707BB /* WeatherTabView.swift */ = {isa = PBXFileReference; lastKnownFileType = sourcecode.swift; path = WeatherTabView.swift; sourceTree = "<group>"; };
		1B7E1E3E26A23A75006707BB /* WeatherView.swift */ = {isa = PBXFileReference; lastKnownFileType = sourcecode.swift; path = WeatherView.swift; sourceTree = "<group>"; };
		1B86F3EA26A0699F00A08D24 /* HomeView.swift */ = {isa = PBXFileReference; lastKnownFileType = sourcecode.swift; path = HomeView.swift; sourceTree = "<group>"; };
		1B86F3EC26A0707D00A08D24 /* TabItem.swift */ = {isa = PBXFileReference; lastKnownFileType = sourcecode.swift; path = TabItem.swift; sourceTree = "<group>"; };
		1B86F3EF26A076F500A08D24 /* UIDevice+SafeArea.swift */ = {isa = PBXFileReference; lastKnownFileType = sourcecode.swift; path = "UIDevice+SafeArea.swift"; sourceTree = "<group>"; };
		1BA92C9F2697BC1A00EE5467 /* Constants.swift */ = {isa = PBXFileReference; lastKnownFileType = sourcecode.swift; path = Constants.swift; sourceTree = "<group>"; };
		1BB3117A2699890A00BD4C48 /* LocationFetcher.swift */ = {isa = PBXFileReference; lastKnownFileType = sourcecode.swift; path = LocationFetcher.swift; sourceTree = "<group>"; };
		1BB5AB8C2687503F00CB6C1A /* ConveniApp.app */ = {isa = PBXFileReference; explicitFileType = wrapper.application; includeInIndex = 0; path = ConveniApp.app; sourceTree = BUILT_PRODUCTS_DIR; };
		1BB5AB8F2687503F00CB6C1A /* ConveniAppApp.swift */ = {isa = PBXFileReference; lastKnownFileType = sourcecode.swift; path = ConveniAppApp.swift; sourceTree = "<group>"; };
		1BB5AB912687503F00CB6C1A /* ContentView.swift */ = {isa = PBXFileReference; lastKnownFileType = sourcecode.swift; path = ContentView.swift; sourceTree = "<group>"; };
		1BB5AB932687504000CB6C1A /* Assets.xcassets */ = {isa = PBXFileReference; lastKnownFileType = folder.assetcatalog; path = Assets.xcassets; sourceTree = "<group>"; };
		1BB5AB962687504000CB6C1A /* Preview Assets.xcassets */ = {isa = PBXFileReference; lastKnownFileType = folder.assetcatalog; path = "Preview Assets.xcassets"; sourceTree = "<group>"; };
		1BB5AB9C2687504000CB6C1A /* ConveniAppTests.xctest */ = {isa = PBXFileReference; explicitFileType = wrapper.cfbundle; includeInIndex = 0; path = ConveniAppTests.xctest; sourceTree = BUILT_PRODUCTS_DIR; };
		1BB5ABA02687504000CB6C1A /* ConveniAppTests.swift */ = {isa = PBXFileReference; lastKnownFileType = sourcecode.swift; path = ConveniAppTests.swift; sourceTree = "<group>"; };
		1BB5ABA62687504000CB6C1A /* ConveniAppUITests.xctest */ = {isa = PBXFileReference; explicitFileType = wrapper.cfbundle; includeInIndex = 0; path = ConveniAppUITests.xctest; sourceTree = BUILT_PRODUCTS_DIR; };
		1BB5ABAA2687504000CB6C1A /* ConveniAppUITests.swift */ = {isa = PBXFileReference; lastKnownFileType = sourcecode.swift; path = ConveniAppUITests.swift; sourceTree = "<group>"; };
		1BC25D72268BE2C0006AF8F2 /* WeatherFetcher.swift */ = {isa = PBXFileReference; lastKnownFileType = sourcecode.swift; path = WeatherFetcher.swift; sourceTree = "<group>"; };
		1BC25D76268BEA20006AF8F2 /* Info.plist */ = {isa = PBXFileReference; lastKnownFileType = text.plist; path = Info.plist; sourceTree = "<group>"; };
		1BC25D77268C216C006AF8F2 /* Weather.swift */ = {isa = PBXFileReference; lastKnownFileType = sourcecode.swift; path = Weather.swift; sourceTree = "<group>"; };
		1BC25D79268C2451006AF8F2 /* APIError.swift */ = {isa = PBXFileReference; lastKnownFileType = sourcecode.swift; path = APIError.swift; sourceTree = "<group>"; };
		1BC8827426C2BDC300BEBC31 /* News.swift */ = {isa = PBXFileReference; lastKnownFileType = sourcecode.swift; path = News.swift; sourceTree = "<group>"; };
		1BD040B626BFBB9200255DF0 /* Pm2_5Info.swift */ = {isa = PBXFileReference; lastKnownFileType = sourcecode.swift; path = Pm2_5Info.swift; sourceTree = "<group>"; };
		1BD040B826BFBF9500255DF0 /* PM25View.swift */ = {isa = PBXFileReference; lastKnownFileType = sourcecode.swift; path = PM25View.swift; sourceTree = "<group>"; };
		1BE0B4AB26A29A5500A726FD /* CustomStackView.swift */ = {isa = PBXFileReference; lastKnownFileType = sourcecode.swift; path = CustomStackView.swift; sourceTree = "<group>"; };
		1BE0B4AD26A29B3400A726FD /* CustomConrnerView.swift */ = {isa = PBXFileReference; lastKnownFileType = sourcecode.swift; path = CustomConrnerView.swift; sourceTree = "<group>"; };
		1BF9F2212697C79F00260273 /* NetworkMonitor.swift */ = {isa = PBXFileReference; lastKnownFileType = sourcecode.swift; path = NetworkMonitor.swift; sourceTree = "<group>"; };
		BF1E011F26C49A820082C5AF /* NewsFetcher.swift */ = {isa = PBXFileReference; lastKnownFileType = sourcecode.swift; path = NewsFetcher.swift; sourceTree = "<group>"; };
		BF51A0B6290AC44000602B22 /* JobFetcher.swift */ = {isa = PBXFileReference; lastKnownFileType = sourcecode.swift; path = JobFetcher.swift; sourceTree = "<group>"; };
		BF51A0B8290AC53200602B22 /* Job.swift */ = {isa = PBXFileReference; lastKnownFileType = sourcecode.swift; path = Job.swift; sourceTree = "<group>"; };
		BF51A0BA290AC57200602B22 /* JobType.swift */ = {isa = PBXFileReference; lastKnownFileType = sourcecode.swift; path = JobType.swift; sourceTree = "<group>"; };
		BF51A0BD290ACD2B00602B22 /* JobView.swift */ = {isa = PBXFileReference; lastKnownFileType = sourcecode.swift; path = JobView.swift; sourceTree = "<group>"; };
		BF5F110C26B765E500E99A65 /* ConveniApp.entitlements */ = {isa = PBXFileReference; fileEncoding = 4; lastKnownFileType = text.plist.entitlements; path = ConveniApp.entitlements; sourceTree = "<group>"; };
		BF6B855326DC8D9F00981CB1 /* NewsType.swift */ = {isa = PBXFileReference; lastKnownFileType = sourcecode.swift; path = NewsType.swift; sourceTree = "<group>"; };
		BF6CFEE826DA0351009C29B4 /* Actor+Timeout.swift */ = {isa = PBXFileReference; lastKnownFileType = sourcecode.swift; path = "Actor+Timeout.swift"; sourceTree = "<group>"; };
		BF7E72722912A033003CB035 /* JobWebView.swift */ = {isa = PBXFileReference; lastKnownFileType = sourcecode.swift; path = JobWebView.swift; sourceTree = "<group>"; };
		BFC907BF26CDCCE5006B1141 /* NewsView.swift */ = {isa = PBXFileReference; lastKnownFileType = sourcecode.swift; path = NewsView.swift; sourceTree = "<group>"; };
		BFC907C126CE14C5006B1141 /* ArchiveButtonView.swift */ = {isa = PBXFileReference; lastKnownFileType = sourcecode.swift; path = ArchiveButtonView.swift; sourceTree = "<group>"; };
		BFCC931A28AE864E005B0B29 /* YahooNewsParam.swift */ = {isa = PBXFileReference; lastKnownFileType = sourcecode.swift; path = YahooNewsParam.swift; sourceTree = "<group>"; };
/* End PBXFileReference section */

/* Begin PBXFrameworksBuildPhase section */
		1BB5AB892687503F00CB6C1A /* Frameworks */ = {
			isa = PBXFrameworksBuildPhase;
			buildActionMask = 2147483647;
			files = (
				1B322E4826B043A40094F351 /* Kanna in Frameworks */,
				1B3254D0269FAC6B00929F01 /* LoggingOSLog in Frameworks */,
			);
			runOnlyForDeploymentPostprocessing = 0;
		};
		1BB5AB992687504000CB6C1A /* Frameworks */ = {
			isa = PBXFrameworksBuildPhase;
			buildActionMask = 2147483647;
			files = (
			);
			runOnlyForDeploymentPostprocessing = 0;
		};
		1BB5ABA32687504000CB6C1A /* Frameworks */ = {
			isa = PBXFrameworksBuildPhase;
			buildActionMask = 2147483647;
			files = (
			);
			runOnlyForDeploymentPostprocessing = 0;
		};
/* End PBXFrameworksBuildPhase section */

/* Begin PBXGroup section */
		1B322E4926B044600094F351 /* OpenWeather */ = {
			isa = PBXGroup;
			children = (
				1BC25D72268BE2C0006AF8F2 /* WeatherFetcher.swift */,
				1BC25D77268C216C006AF8F2 /* Weather.swift */,
				1B54DE0826A6FC2D0053407C /* Pollution.swift */,
			);
			path = OpenWeather;
			sourceTree = "<group>";
		};
		1B322E4A26B0447E0094F351 /* tenki.jp */ = {
			isa = PBXGroup;
			children = (
				1B322E4B26B046980094F351 /* WeatherFetcher_Scraping.swift */,
				1B322E4D26B05B820094F351 /* Weather_Scraping.swift */,
				1B59CEF926B58EE200C50974 /* HourlyWeather.swift */,
				1B3DFB9D26B6DD5500C500B0 /* DailyWeather.swift */,
				1BD040B626BFBB9200255DF0 /* Pm2_5Info.swift */,
				1B59674E26C10F0A00E5F4E6 /* PickupWrap.swift */,
			);
			path = tenki.jp;
			sourceTree = "<group>";
		};
		1B3254BE269F1E0100929F01 /* Extension */ = {
			isa = PBXGroup;
			children = (
				1B3254C1269F243100929F01 /* URLSession+Get.swift */,
				1B86F3EF26A076F500A08D24 /* UIDevice+SafeArea.swift */,
				1B6F5B9E26B625BE003BF5E6 /* UserDefaults+UIImage.swift */,
				BF6CFEE826DA0351009C29B4 /* Actor+Timeout.swift */,
			);
			path = Extension;
			sourceTree = "<group>";
		};
		1B54DE0A26A6FC3E0053407C /* Weather */ = {
			isa = PBXGroup;
			children = (
				1B322E4A26B0447E0094F351 /* tenki.jp */,
				1B322E4926B044600094F351 /* OpenWeather */,
			);
			path = Weather;
			sourceTree = "<group>";
		};
		1B72987D26A2BBC100234D7A /* Weather */ = {
			isa = PBXGroup;
			children = (
				1B7E1E3E26A23A75006707BB /* WeatherView.swift */,
				1B7E1E3C26A237BC006707BB /* WeatherTabView.swift */,
				1BE0B4AB26A29A5500A726FD /* CustomStackView.swift */,
				1BE0B4AD26A29B3400A726FD /* CustomConrnerView.swift */,
				1B72987E26A2BBED00234D7A /* ForecastView.swift */,
				1B54DE0626A6E7E90053407C /* WeatherDataView.swift */,
				1BD040B826BFBF9500255DF0 /* PM25View.swift */,
			);
			path = Weather;
			sourceTree = "<group>";
		};
		1BB5AB832687503F00CB6C1A = {
			isa = PBXGroup;
			children = (
				1BB5AB8E2687503F00CB6C1A /* ConveniApp */,
				1BB5AB9F2687504000CB6C1A /* ConveniAppTests */,
				1BB5ABA92687504000CB6C1A /* ConveniAppUITests */,
				1BB5AB8D2687503F00CB6C1A /* Products */,
			);
			sourceTree = "<group>";
		};
		1BB5AB8D2687503F00CB6C1A /* Products */ = {
			isa = PBXGroup;
			children = (
				1BB5AB8C2687503F00CB6C1A /* ConveniApp.app */,
				1BB5AB9C2687504000CB6C1A /* ConveniAppTests.xctest */,
				1BB5ABA62687504000CB6C1A /* ConveniAppUITests.xctest */,
			);
			name = Products;
			sourceTree = "<group>";
		};
		1BB5AB8E2687503F00CB6C1A /* ConveniApp */ = {
			isa = PBXGroup;
			children = (
				BF5F110C26B765E500E99A65 /* ConveniApp.entitlements */,
				1BC25D76268BEA20006AF8F2 /* Info.plist */,
				1BB5AB8F2687503F00CB6C1A /* ConveniAppApp.swift */,
				1BC25D71268BE290006AF8F2 /* Views */,
				1BC25D70268BE28A006AF8F2 /* Models */,
				1BB5AB932687504000CB6C1A /* Assets.xcassets */,
				1BB5AB952687504000CB6C1A /* Preview Content */,
				1B3254C8269FA2FC00929F01 /* Localizable.strings */,
			);
			path = ConveniApp;
			sourceTree = "<group>";
		};
		1BB5AB952687504000CB6C1A /* Preview Content */ = {
			isa = PBXGroup;
			children = (
				1BB5AB962687504000CB6C1A /* Preview Assets.xcassets */,
			);
			path = "Preview Content";
			sourceTree = "<group>";
		};
		1BB5AB9F2687504000CB6C1A /* ConveniAppTests */ = {
			isa = PBXGroup;
			children = (
				1BB5ABA02687504000CB6C1A /* ConveniAppTests.swift */,
			);
			path = ConveniAppTests;
			sourceTree = "<group>";
		};
		1BB5ABA92687504000CB6C1A /* ConveniAppUITests */ = {
			isa = PBXGroup;
			children = (
				1BB5ABAA2687504000CB6C1A /* ConveniAppUITests.swift */,
			);
			path = ConveniAppUITests;
			sourceTree = "<group>";
		};
		1BC25D70268BE28A006AF8F2 /* Models */ = {
			isa = PBXGroup;
			children = (
				1BA92C9F2697BC1A00EE5467 /* Constants.swift */,
				BF51A0B5290AC38A00602B22 /* Jobs */,
				1BC8827326C2BDB000BEBC31 /* News */,
				1B54DE0A26A6FC3E0053407C /* Weather */,
				1BC25D79268C2451006AF8F2 /* APIError.swift */,
				1BF9F2212697C79F00260273 /* NetworkMonitor.swift */,
				1BB3117A2699890A00BD4C48 /* LocationFetcher.swift */,
				1B3254CA269FA44600929F01 /* LcliConstants.swift */,
				1B3254D1269FACB700929F01 /* Logger.swift */,
				1B86F3EC26A0707D00A08D24 /* TabItem.swift */,
				1B3254BE269F1E0100929F01 /* Extension */,
			);
			path = Models;
			sourceTree = "<group>";
		};
		1BC25D71268BE290006AF8F2 /* Views */ = {
			isa = PBXGroup;
			children = (
				1BB5AB912687503F00CB6C1A /* ContentView.swift */,
				1B86F3EA26A0699F00A08D24 /* HomeView.swift */,
				1B72987B26A2BA9B00234D7A /* BackgroundView.swift */,
				BFC907BE26CDCCC0006B1141 /* News */,
				1B72987D26A2BBC100234D7A /* Weather */,
				BF51A0BC290ACD1900602B22 /* Job */,
			);
			path = Views;
			sourceTree = "<group>";
		};
		1BC8827326C2BDB000BEBC31 /* News */ = {
			isa = PBXGroup;
			children = (
				1BC8827426C2BDC300BEBC31 /* News.swift */,
				BF1E011F26C49A820082C5AF /* NewsFetcher.swift */,
				BF6B855326DC8D9F00981CB1 /* NewsType.swift */,
				BFCC931A28AE864E005B0B29 /* YahooNewsParam.swift */,
			);
			path = News;
			sourceTree = "<group>";
		};
		BF51A0B5290AC38A00602B22 /* Jobs */ = {
			isa = PBXGroup;
			children = (
				BF51A0B6290AC44000602B22 /* JobFetcher.swift */,
				BF51A0B8290AC53200602B22 /* Job.swift */,
				BF51A0BA290AC57200602B22 /* JobType.swift */,
			);
			path = Jobs;
			sourceTree = "<group>";
		};
		BF51A0BC290ACD1900602B22 /* Job */ = {
			isa = PBXGroup;
			children = (
				BF51A0BD290ACD2B00602B22 /* JobView.swift */,
				BF7E72722912A033003CB035 /* JobWebView.swift */,
			);
			path = Job;
			sourceTree = "<group>";
		};
		BFC907BE26CDCCC0006B1141 /* News */ = {
			isa = PBXGroup;
			children = (
				BFC907BF26CDCCE5006B1141 /* NewsView.swift */,
				BFC907C126CE14C5006B1141 /* ArchiveButtonView.swift */,
			);
			path = News;
			sourceTree = "<group>";
		};
/* End PBXGroup section */

/* Begin PBXNativeTarget section */
		1BB5AB8B2687503F00CB6C1A /* ConveniApp */ = {
			isa = PBXNativeTarget;
			buildConfigurationList = 1BB5ABAE2687504000CB6C1A /* Build configuration list for PBXNativeTarget "ConveniApp" */;
			buildPhases = (
				1BB5AB882687503F00CB6C1A /* Sources */,
				1BB5AB892687503F00CB6C1A /* Frameworks */,
				1BB5AB8A2687503F00CB6C1A /* Resources */,
			);
			buildRules = (
			);
			dependencies = (
			);
			name = ConveniApp;
			packageProductDependencies = (
				1B3254CF269FAC6B00929F01 /* LoggingOSLog */,
				1B322E4726B043A40094F351 /* Kanna */,
			);
			productName = ConveniApp;
			productReference = 1BB5AB8C2687503F00CB6C1A /* ConveniApp.app */;
			productType = "com.apple.product-type.application";
		};
		1BB5AB9B2687504000CB6C1A /* ConveniAppTests */ = {
			isa = PBXNativeTarget;
			buildConfigurationList = 1BB5ABB12687504000CB6C1A /* Build configuration list for PBXNativeTarget "ConveniAppTests" */;
			buildPhases = (
				1BB5AB982687504000CB6C1A /* Sources */,
				1BB5AB992687504000CB6C1A /* Frameworks */,
				1BB5AB9A2687504000CB6C1A /* Resources */,
			);
			buildRules = (
			);
			dependencies = (
				1BB5AB9E2687504000CB6C1A /* PBXTargetDependency */,
			);
			name = ConveniAppTests;
			productName = ConveniAppTests;
			productReference = 1BB5AB9C2687504000CB6C1A /* ConveniAppTests.xctest */;
			productType = "com.apple.product-type.bundle.unit-test";
		};
		1BB5ABA52687504000CB6C1A /* ConveniAppUITests */ = {
			isa = PBXNativeTarget;
			buildConfigurationList = 1BB5ABB42687504000CB6C1A /* Build configuration list for PBXNativeTarget "ConveniAppUITests" */;
			buildPhases = (
				1BB5ABA22687504000CB6C1A /* Sources */,
				1BB5ABA32687504000CB6C1A /* Frameworks */,
				1BB5ABA42687504000CB6C1A /* Resources */,
			);
			buildRules = (
			);
			dependencies = (
				1BB5ABA82687504000CB6C1A /* PBXTargetDependency */,
			);
			name = ConveniAppUITests;
			productName = ConveniAppUITests;
			productReference = 1BB5ABA62687504000CB6C1A /* ConveniAppUITests.xctest */;
			productType = "com.apple.product-type.bundle.ui-testing";
		};
/* End PBXNativeTarget section */

/* Begin PBXProject section */
		1BB5AB842687503F00CB6C1A /* Project object */ = {
			isa = PBXProject;
			attributes = {
				BuildIndependentTargetsInParallel = 1;
				LastSwiftUpdateCheck = 1300;
				LastUpgradeCheck = 1300;
				TargetAttributes = {
					1BB5AB8B2687503F00CB6C1A = {
						CreatedOnToolsVersion = 13.0;
					};
					1BB5AB9B2687504000CB6C1A = {
						CreatedOnToolsVersion = 13.0;
						TestTargetID = 1BB5AB8B2687503F00CB6C1A;
					};
					1BB5ABA52687504000CB6C1A = {
						CreatedOnToolsVersion = 13.0;
						TestTargetID = 1BB5AB8B2687503F00CB6C1A;
					};
				};
			};
			buildConfigurationList = 1BB5AB872687503F00CB6C1A /* Build configuration list for PBXProject "ConveniApp" */;
			compatibilityVersion = "Xcode 13.0";
			developmentRegion = en;
			hasScannedForEncodings = 0;
			knownRegions = (
				en,
				Base,
				ja,
			);
			mainGroup = 1BB5AB832687503F00CB6C1A;
			packageReferences = (
				1B3254CE269FAC6A00929F01 /* XCRemoteSwiftPackageReference "swift-log-oslog" */,
				1B322E4626B043A40094F351 /* XCRemoteSwiftPackageReference "Kanna" */,
			);
			productRefGroup = 1BB5AB8D2687503F00CB6C1A /* Products */;
			projectDirPath = "";
			projectRoot = "";
			targets = (
				1BB5AB8B2687503F00CB6C1A /* ConveniApp */,
				1BB5AB9B2687504000CB6C1A /* ConveniAppTests */,
				1BB5ABA52687504000CB6C1A /* ConveniAppUITests */,
			);
		};
/* End PBXProject section */

/* Begin PBXResourcesBuildPhase section */
		1BB5AB8A2687503F00CB6C1A /* Resources */ = {
			isa = PBXResourcesBuildPhase;
			buildActionMask = 2147483647;
			files = (
				1BB5AB972687504000CB6C1A /* Preview Assets.xcassets in Resources */,
				1B3254C6269FA2FC00929F01 /* Localizable.strings in Resources */,
				1BB5AB942687504000CB6C1A /* Assets.xcassets in Resources */,
			);
			runOnlyForDeploymentPostprocessing = 0;
		};
		1BB5AB9A2687504000CB6C1A /* Resources */ = {
			isa = PBXResourcesBuildPhase;
			buildActionMask = 2147483647;
			files = (
			);
			runOnlyForDeploymentPostprocessing = 0;
		};
		1BB5ABA42687504000CB6C1A /* Resources */ = {
			isa = PBXResourcesBuildPhase;
			buildActionMask = 2147483647;
			files = (
			);
			runOnlyForDeploymentPostprocessing = 0;
		};
/* End PBXResourcesBuildPhase section */

/* Begin PBXSourcesBuildPhase section */
		1BB5AB882687503F00CB6C1A /* Sources */ = {
			isa = PBXSourcesBuildPhase;
			buildActionMask = 2147483647;
			files = (
				1BB5AB922687503F00CB6C1A /* ContentView.swift in Sources */,
				1B54DE0726A6E7E90053407C /* WeatherDataView.swift in Sources */,
				1B7E1E3D26A237BC006707BB /* WeatherTabView.swift in Sources */,
				BF6CFEE926DA0351009C29B4 /* Actor+Timeout.swift in Sources */,
				BF51A0B9290AC53200602B22 /* Job.swift in Sources */,
				1B6F5B9F26B625BE003BF5E6 /* UserDefaults+UIImage.swift in Sources */,
				BF1E012026C49A820082C5AF /* NewsFetcher.swift in Sources */,
				1BF9F2222697C7A000260273 /* NetworkMonitor.swift in Sources */,
				1B322E4E26B05B820094F351 /* Weather_Scraping.swift in Sources */,
				1BB5AB902687503F00CB6C1A /* ConveniAppApp.swift in Sources */,
				1B3254C2269F243100929F01 /* URLSession+Get.swift in Sources */,
				1BC8827526C2BDC300BEBC31 /* News.swift in Sources */,
				1B3DFB9E26B6DD5500C500B0 /* DailyWeather.swift in Sources */,
				BFCC931B28AE864E005B0B29 /* YahooNewsParam.swift in Sources */,
				1B7E1E3F26A23A75006707BB /* WeatherView.swift in Sources */,
				BFC907C026CDCCE5006B1141 /* NewsView.swift in Sources */,
				1BE0B4AC26A29A5500A726FD /* CustomStackView.swift in Sources */,
				BF51A0BE290ACD2B00602B22 /* JobView.swift in Sources */,
				1BC25D73268BE2C0006AF8F2 /* WeatherFetcher.swift in Sources */,
				1BC25D7A268C2451006AF8F2 /* APIError.swift in Sources */,
				1B54DE0926A6FC2D0053407C /* Pollution.swift in Sources */,
				1B86F3EB26A0699F00A08D24 /* HomeView.swift in Sources */,
				BF51A0BB290AC57200602B22 /* JobType.swift in Sources */,
				1B72987C26A2BA9B00234D7A /* BackgroundView.swift in Sources */,
				1B72987F26A2BBED00234D7A /* ForecastView.swift in Sources */,
				1BA92CA02697BC1A00EE5467 /* Constants.swift in Sources */,
				1B3254D2269FACB700929F01 /* Logger.swift in Sources */,
				1BD040B926BFBF9500255DF0 /* PM25View.swift in Sources */,
				1B3254CB269FA44600929F01 /* LcliConstants.swift in Sources */,
				1B59674F26C10F0A00E5F4E6 /* PickupWrap.swift in Sources */,
				1B322E4C26B046980094F351 /* WeatherFetcher_Scraping.swift in Sources */,
				1B86F3ED26A0707D00A08D24 /* TabItem.swift in Sources */,
				BF51A0B7290AC44000602B22 /* JobFetcher.swift in Sources */,
				BF6B855426DC8D9F00981CB1 /* NewsType.swift in Sources */,
				1B59CEFA26B58EE200C50974 /* HourlyWeather.swift in Sources */,
				BF7E72732912A033003CB035 /* JobWebView.swift in Sources */,
				1BC25D78268C216C006AF8F2 /* Weather.swift in Sources */,
				1B86F3F026A076F500A08D24 /* UIDevice+SafeArea.swift in Sources */,
				1BD040B726BFBB9200255DF0 /* Pm2_5Info.swift in Sources */,
				BFC907C226CE14C5006B1141 /* ArchiveButtonView.swift in Sources */,
				1BB3117B2699890A00BD4C48 /* LocationFetcher.swift in Sources */,
				1BE0B4AE26A29B3400A726FD /* CustomConrnerView.swift in Sources */,
			);
			runOnlyForDeploymentPostprocessing = 0;
		};
		1BB5AB982687504000CB6C1A /* Sources */ = {
			isa = PBXSourcesBuildPhase;
			buildActionMask = 2147483647;
			files = (
				1BB5ABA12687504000CB6C1A /* ConveniAppTests.swift in Sources */,
			);
			runOnlyForDeploymentPostprocessing = 0;
		};
		1BB5ABA22687504000CB6C1A /* Sources */ = {
			isa = PBXSourcesBuildPhase;
			buildActionMask = 2147483647;
			files = (
				1BB5ABAB2687504000CB6C1A /* ConveniAppUITests.swift in Sources */,
			);
			runOnlyForDeploymentPostprocessing = 0;
		};
/* End PBXSourcesBuildPhase section */

/* Begin PBXTargetDependency section */
		1BB5AB9E2687504000CB6C1A /* PBXTargetDependency */ = {
			isa = PBXTargetDependency;
			target = 1BB5AB8B2687503F00CB6C1A /* ConveniApp */;
			targetProxy = 1BB5AB9D2687504000CB6C1A /* PBXContainerItemProxy */;
		};
		1BB5ABA82687504000CB6C1A /* PBXTargetDependency */ = {
			isa = PBXTargetDependency;
			target = 1BB5AB8B2687503F00CB6C1A /* ConveniApp */;
			targetProxy = 1BB5ABA72687504000CB6C1A /* PBXContainerItemProxy */;
		};
/* End PBXTargetDependency section */

/* Begin PBXVariantGroup section */
		1B3254C8269FA2FC00929F01 /* Localizable.strings */ = {
			isa = PBXVariantGroup;
			children = (
				1B3254C7269FA2FC00929F01 /* en */,
				1B3254C9269FA32000929F01 /* ja */,
			);
			name = Localizable.strings;
			sourceTree = "<group>";
		};
/* End PBXVariantGroup section */

/* Begin XCBuildConfiguration section */
		1BB5ABAC2687504000CB6C1A /* Debug */ = {
			isa = XCBuildConfiguration;
			buildSettings = {
				ALWAYS_SEARCH_USER_PATHS = NO;
				CLANG_ANALYZER_LOCALIZABILITY_NONLOCALIZED = YES;
				CLANG_ANALYZER_NONNULL = YES;
				CLANG_ANALYZER_NUMBER_OBJECT_CONVERSION = YES_AGGRESSIVE;
				CLANG_CXX_LANGUAGE_STANDARD = "gnu++14";
				CLANG_CXX_LIBRARY = "libc++";
				CLANG_ENABLE_MODULES = YES;
				CLANG_ENABLE_OBJC_ARC = YES;
				CLANG_ENABLE_OBJC_WEAK = YES;
				CLANG_WARN_BLOCK_CAPTURE_AUTORELEASING = YES;
				CLANG_WARN_BOOL_CONVERSION = YES;
				CLANG_WARN_COMMA = YES;
				CLANG_WARN_CONSTANT_CONVERSION = YES;
				CLANG_WARN_DEPRECATED_OBJC_IMPLEMENTATIONS = YES;
				CLANG_WARN_DIRECT_OBJC_ISA_USAGE = YES_ERROR;
				CLANG_WARN_DOCUMENTATION_COMMENTS = YES;
				CLANG_WARN_EMPTY_BODY = YES;
				CLANG_WARN_ENUM_CONVERSION = YES;
				CLANG_WARN_INFINITE_RECURSION = YES;
				CLANG_WARN_INT_CONVERSION = YES;
				CLANG_WARN_NON_LITERAL_NULL_CONVERSION = YES;
				CLANG_WARN_OBJC_IMPLICIT_RETAIN_SELF = YES;
				CLANG_WARN_OBJC_LITERAL_CONVERSION = YES;
				CLANG_WARN_OBJC_ROOT_CLASS = YES_ERROR;
				CLANG_WARN_QUOTED_INCLUDE_IN_FRAMEWORK_HEADER = YES;
				CLANG_WARN_RANGE_LOOP_ANALYSIS = YES;
				CLANG_WARN_STRICT_PROTOTYPES = YES;
				CLANG_WARN_SUSPICIOUS_MOVE = YES;
				CLANG_WARN_UNGUARDED_AVAILABILITY = YES_AGGRESSIVE;
				CLANG_WARN_UNREACHABLE_CODE = YES;
				CLANG_WARN__DUPLICATE_METHOD_MATCH = YES;
				COPY_PHASE_STRIP = NO;
				DEBUG_INFORMATION_FORMAT = dwarf;
				ENABLE_STRICT_OBJC_MSGSEND = YES;
				ENABLE_TESTABILITY = YES;
				GCC_C_LANGUAGE_STANDARD = gnu11;
				GCC_DYNAMIC_NO_PIC = NO;
				GCC_NO_COMMON_BLOCKS = YES;
				GCC_OPTIMIZATION_LEVEL = 0;
				GCC_PREPROCESSOR_DEFINITIONS = (
					"DEBUG=1",
					"$(inherited)",
				);
				GCC_WARN_64_TO_32_BIT_CONVERSION = YES;
				GCC_WARN_ABOUT_RETURN_TYPE = YES_ERROR;
				GCC_WARN_UNDECLARED_SELECTOR = YES;
				GCC_WARN_UNINITIALIZED_AUTOS = YES_AGGRESSIVE;
				GCC_WARN_UNUSED_FUNCTION = YES;
				GCC_WARN_UNUSED_VARIABLE = YES;
				IPHONEOS_DEPLOYMENT_TARGET = 15.0;
				MTL_ENABLE_DEBUG_INFO = INCLUDE_SOURCE;
				MTL_FAST_MATH = YES;
				ONLY_ACTIVE_ARCH = YES;
				SDKROOT = iphoneos;
				SWIFT_ACTIVE_COMPILATION_CONDITIONS = DEBUG;
				SWIFT_OPTIMIZATION_LEVEL = "-Onone";
			};
			name = Debug;
		};
		1BB5ABAD2687504000CB6C1A /* Release */ = {
			isa = XCBuildConfiguration;
			buildSettings = {
				ALWAYS_SEARCH_USER_PATHS = NO;
				CLANG_ANALYZER_LOCALIZABILITY_NONLOCALIZED = YES;
				CLANG_ANALYZER_NONNULL = YES;
				CLANG_ANALYZER_NUMBER_OBJECT_CONVERSION = YES_AGGRESSIVE;
				CLANG_CXX_LANGUAGE_STANDARD = "gnu++14";
				CLANG_CXX_LIBRARY = "libc++";
				CLANG_ENABLE_MODULES = YES;
				CLANG_ENABLE_OBJC_ARC = YES;
				CLANG_ENABLE_OBJC_WEAK = YES;
				CLANG_WARN_BLOCK_CAPTURE_AUTORELEASING = YES;
				CLANG_WARN_BOOL_CONVERSION = YES;
				CLANG_WARN_COMMA = YES;
				CLANG_WARN_CONSTANT_CONVERSION = YES;
				CLANG_WARN_DEPRECATED_OBJC_IMPLEMENTATIONS = YES;
				CLANG_WARN_DIRECT_OBJC_ISA_USAGE = YES_ERROR;
				CLANG_WARN_DOCUMENTATION_COMMENTS = YES;
				CLANG_WARN_EMPTY_BODY = YES;
				CLANG_WARN_ENUM_CONVERSION = YES;
				CLANG_WARN_INFINITE_RECURSION = YES;
				CLANG_WARN_INT_CONVERSION = YES;
				CLANG_WARN_NON_LITERAL_NULL_CONVERSION = YES;
				CLANG_WARN_OBJC_IMPLICIT_RETAIN_SELF = YES;
				CLANG_WARN_OBJC_LITERAL_CONVERSION = YES;
				CLANG_WARN_OBJC_ROOT_CLASS = YES_ERROR;
				CLANG_WARN_QUOTED_INCLUDE_IN_FRAMEWORK_HEADER = YES;
				CLANG_WARN_RANGE_LOOP_ANALYSIS = YES;
				CLANG_WARN_STRICT_PROTOTYPES = YES;
				CLANG_WARN_SUSPICIOUS_MOVE = YES;
				CLANG_WARN_UNGUARDED_AVAILABILITY = YES_AGGRESSIVE;
				CLANG_WARN_UNREACHABLE_CODE = YES;
				CLANG_WARN__DUPLICATE_METHOD_MATCH = YES;
				COPY_PHASE_STRIP = NO;
				DEBUG_INFORMATION_FORMAT = "dwarf-with-dsym";
				ENABLE_NS_ASSERTIONS = NO;
				ENABLE_STRICT_OBJC_MSGSEND = YES;
				GCC_C_LANGUAGE_STANDARD = gnu11;
				GCC_NO_COMMON_BLOCKS = YES;
				GCC_WARN_64_TO_32_BIT_CONVERSION = YES;
				GCC_WARN_ABOUT_RETURN_TYPE = YES_ERROR;
				GCC_WARN_UNDECLARED_SELECTOR = YES;
				GCC_WARN_UNINITIALIZED_AUTOS = YES_AGGRESSIVE;
				GCC_WARN_UNUSED_FUNCTION = YES;
				GCC_WARN_UNUSED_VARIABLE = YES;
				IPHONEOS_DEPLOYMENT_TARGET = 15.0;
				MTL_ENABLE_DEBUG_INFO = NO;
				MTL_FAST_MATH = YES;
				SDKROOT = iphoneos;
				SWIFT_COMPILATION_MODE = wholemodule;
				SWIFT_OPTIMIZATION_LEVEL = "-O";
				VALIDATE_PRODUCT = YES;
			};
			name = Release;
		};
		1BB5ABAF2687504000CB6C1A /* Debug */ = {
			isa = XCBuildConfiguration;
			buildSettings = {
				ASSETCATALOG_COMPILER_APPICON_NAME = AppIcon;
				ASSETCATALOG_COMPILER_GLOBAL_ACCENT_COLOR_NAME = AccentColor;
				CODE_SIGN_ENTITLEMENTS = ConveniApp/ConveniApp.entitlements;
				CODE_SIGN_IDENTITY = "Apple Development";
				CODE_SIGN_STYLE = Automatic;
				CURRENT_PROJECT_VERSION = 1;
				DEVELOPMENT_ASSET_PATHS = "\"ConveniApp/Preview Content\"";
				DEVELOPMENT_TEAM = 5KHV63NW5D;
				ENABLE_PREVIEWS = YES;
				GENERATE_INFOPLIST_FILE = YES;
				INFOPLIST_FILE = ConveniApp/Info.plist;
				INFOPLIST_KEY_CFBundleExecutable = ConveniApp;
				INFOPLIST_KEY_CFBundleName = ConveniApp;
				INFOPLIST_KEY_CFBundleVersion = 1;
				INFOPLIST_KEY_NSLocationWhenInUseUsageDescription = "Your location is required for xyz benefits for you";
				INFOPLIST_KEY_UIApplicationSceneManifest_Generation = YES;
				INFOPLIST_KEY_UIApplicationSupportsIndirectInputEvents = YES;
				INFOPLIST_KEY_UILaunchScreen_Generation = YES;
				INFOPLIST_KEY_UISupportedInterfaceOrientations_iPad = "UIInterfaceOrientationPortrait UIInterfaceOrientationPortraitUpsideDown UIInterfaceOrientationLandscapeLeft UIInterfaceOrientationLandscapeRight";
				INFOPLIST_KEY_UISupportedInterfaceOrientations_iPhone = "UIInterfaceOrientationPortrait UIInterfaceOrientationLandscapeLeft UIInterfaceOrientationLandscapeRight";
				IPHONEOS_DEPLOYMENT_TARGET = 15.0;
				LD_RUNPATH_SEARCH_PATHS = (
					"$(inherited)",
					"@executable_path/Frameworks",
				);
				MARKETING_VERSION = 1.0;
				PRODUCT_BUNDLE_IDENTIFIER = com.coc20170117.ConveniApp;
				PRODUCT_NAME = "$(TARGET_NAME)";
				PROVISIONING_PROFILE_SPECIFIER = "";
				SWIFT_ACTIVE_COMPILATION_CONDITIONS = "DEBUG SCRAPING";
				SWIFT_EMIT_LOC_STRINGS = YES;
				SWIFT_VERSION = 5.0;
				TARGETED_DEVICE_FAMILY = "1,2";
			};
			name = Debug;
		};
		1BB5ABB02687504000CB6C1A /* Release */ = {
			isa = XCBuildConfiguration;
			buildSettings = {
				ASSETCATALOG_COMPILER_APPICON_NAME = AppIcon;
				ASSETCATALOG_COMPILER_GLOBAL_ACCENT_COLOR_NAME = AccentColor;
				CODE_SIGN_ENTITLEMENTS = ConveniApp/ConveniApp.entitlements;
				CODE_SIGN_IDENTITY = "Apple Development";
				CODE_SIGN_STYLE = Automatic;
				CURRENT_PROJECT_VERSION = 1;
				DEVELOPMENT_ASSET_PATHS = "\"ConveniApp/Preview Content\"";
				DEVELOPMENT_TEAM = "";
				ENABLE_PREVIEWS = YES;
				GENERATE_INFOPLIST_FILE = YES;
				INFOPLIST_FILE = ConveniApp/Info.plist;
				INFOPLIST_KEY_CFBundleExecutable = ConveniApp;
				INFOPLIST_KEY_CFBundleName = ConveniApp;
				INFOPLIST_KEY_CFBundleVersion = 1;
				INFOPLIST_KEY_NSLocationWhenInUseUsageDescription = "Your location is required for xyz benefits for you";
				INFOPLIST_KEY_UIApplicationSceneManifest_Generation = YES;
				INFOPLIST_KEY_UIApplicationSupportsIndirectInputEvents = YES;
				INFOPLIST_KEY_UILaunchScreen_Generation = YES;
				INFOPLIST_KEY_UISupportedInterfaceOrientations_iPad = "UIInterfaceOrientationPortrait UIInterfaceOrientationPortraitUpsideDown UIInterfaceOrientationLandscapeLeft UIInterfaceOrientationLandscapeRight";
				INFOPLIST_KEY_UISupportedInterfaceOrientations_iPhone = "UIInterfaceOrientationPortrait UIInterfaceOrientationLandscapeLeft UIInterfaceOrientationLandscapeRight";
				IPHONEOS_DEPLOYMENT_TARGET = 15.0;
				LD_RUNPATH_SEARCH_PATHS = (
					"$(inherited)",
					"@executable_path/Frameworks",
				);
				MARKETING_VERSION = 1.0;
				PRODUCT_NAME = "$(TARGET_NAME)";
				PROVISIONING_PROFILE_SPECIFIER = "";
				SWIFT_EMIT_LOC_STRINGS = YES;
				SWIFT_VERSION = 5.0;
				TARGETED_DEVICE_FAMILY = "1,2";
			};
			name = Release;
		};
		1BB5ABB22687504000CB6C1A /* Debug */ = {
			isa = XCBuildConfiguration;
			buildSettings = {
				ALWAYS_EMBED_SWIFT_STANDARD_LIBRARIES = YES;
				BUNDLE_LOADER = "$(TEST_HOST)";
				CODE_SIGN_STYLE = Automatic;
				CURRENT_PROJECT_VERSION = 1;
				DEVELOPMENT_TEAM = N9L2U78Y64;
				GENERATE_INFOPLIST_FILE = YES;
				IPHONEOS_DEPLOYMENT_TARGET = 15.0;
				LD_RUNPATH_SEARCH_PATHS = (
					"$(inherited)",
					"@executable_path/Frameworks",
					"@loader_path/Frameworks",
				);
				MARKETING_VERSION = 1.0;
				PRODUCT_BUNDLE_IDENTIFIER = com.headspinnerd.ConveniAppTests;
				PRODUCT_NAME = "$(TARGET_NAME)";
				SWIFT_EMIT_LOC_STRINGS = NO;
				SWIFT_VERSION = 5.0;
				TARGETED_DEVICE_FAMILY = "1,2";
				TEST_HOST = "$(BUILT_PRODUCTS_DIR)/ConveniApp.app/ConveniApp";
			};
			name = Debug;
		};
		1BB5ABB32687504000CB6C1A /* Release */ = {
			isa = XCBuildConfiguration;
			buildSettings = {
				ALWAYS_EMBED_SWIFT_STANDARD_LIBRARIES = YES;
				BUNDLE_LOADER = "$(TEST_HOST)";
				CODE_SIGN_STYLE = Automatic;
				CURRENT_PROJECT_VERSION = 1;
				DEVELOPMENT_TEAM = N9L2U78Y64;
				GENERATE_INFOPLIST_FILE = YES;
				IPHONEOS_DEPLOYMENT_TARGET = 15.0;
				LD_RUNPATH_SEARCH_PATHS = (
					"$(inherited)",
					"@executable_path/Frameworks",
					"@loader_path/Frameworks",
				);
				MARKETING_VERSION = 1.0;
				PRODUCT_BUNDLE_IDENTIFIER = com.headspinnerd.ConveniAppTests;
				PRODUCT_NAME = "$(TARGET_NAME)";
				SWIFT_EMIT_LOC_STRINGS = NO;
				SWIFT_VERSION = 5.0;
				TARGETED_DEVICE_FAMILY = "1,2";
				TEST_HOST = "$(BUILT_PRODUCTS_DIR)/ConveniApp.app/ConveniApp";
			};
			name = Release;
		};
		1BB5ABB52687504000CB6C1A /* Debug */ = {
			isa = XCBuildConfiguration;
			buildSettings = {
				ALWAYS_EMBED_SWIFT_STANDARD_LIBRARIES = YES;
				CODE_SIGN_STYLE = Automatic;
				CURRENT_PROJECT_VERSION = 1;
				DEVELOPMENT_TEAM = N9L2U78Y64;
				GENERATE_INFOPLIST_FILE = YES;
				LD_RUNPATH_SEARCH_PATHS = (
					"$(inherited)",
					"@executable_path/Frameworks",
					"@loader_path/Frameworks",
				);
				MARKETING_VERSION = 1.0;
				PRODUCT_BUNDLE_IDENTIFIER = com.headspinnerd.ConveniAppUITests;
				PRODUCT_NAME = "$(TARGET_NAME)";
				SWIFT_EMIT_LOC_STRINGS = NO;
				SWIFT_VERSION = 5.0;
				TARGETED_DEVICE_FAMILY = "1,2";
				TEST_TARGET_NAME = ConveniApp;
			};
			name = Debug;
		};
		1BB5ABB62687504000CB6C1A /* Release */ = {
			isa = XCBuildConfiguration;
			buildSettings = {
				ALWAYS_EMBED_SWIFT_STANDARD_LIBRARIES = YES;
				CODE_SIGN_STYLE = Automatic;
				CURRENT_PROJECT_VERSION = 1;
				DEVELOPMENT_TEAM = N9L2U78Y64;
				GENERATE_INFOPLIST_FILE = YES;
				LD_RUNPATH_SEARCH_PATHS = (
					"$(inherited)",
					"@executable_path/Frameworks",
					"@loader_path/Frameworks",
				);
				MARKETING_VERSION = 1.0;
				PRODUCT_BUNDLE_IDENTIFIER = com.headspinnerd.ConveniAppUITests;
				PRODUCT_NAME = "$(TARGET_NAME)";
				SWIFT_EMIT_LOC_STRINGS = NO;
				SWIFT_VERSION = 5.0;
				TARGETED_DEVICE_FAMILY = "1,2";
				TEST_TARGET_NAME = ConveniApp;
			};
			name = Release;
		};
/* End XCBuildConfiguration section */

/* Begin XCConfigurationList section */
		1BB5AB872687503F00CB6C1A /* Build configuration list for PBXProject "ConveniApp" */ = {
			isa = XCConfigurationList;
			buildConfigurations = (
				1BB5ABAC2687504000CB6C1A /* Debug */,
				1BB5ABAD2687504000CB6C1A /* Release */,
			);
			defaultConfigurationIsVisible = 0;
			defaultConfigurationName = Release;
		};
		1BB5ABAE2687504000CB6C1A /* Build configuration list for PBXNativeTarget "ConveniApp" */ = {
			isa = XCConfigurationList;
			buildConfigurations = (
				1BB5ABAF2687504000CB6C1A /* Debug */,
				1BB5ABB02687504000CB6C1A /* Release */,
			);
			defaultConfigurationIsVisible = 0;
			defaultConfigurationName = Release;
		};
		1BB5ABB12687504000CB6C1A /* Build configuration list for PBXNativeTarget "ConveniAppTests" */ = {
			isa = XCConfigurationList;
			buildConfigurations = (
				1BB5ABB22687504000CB6C1A /* Debug */,
				1BB5ABB32687504000CB6C1A /* Release */,
			);
			defaultConfigurationIsVisible = 0;
			defaultConfigurationName = Release;
		};
		1BB5ABB42687504000CB6C1A /* Build configuration list for PBXNativeTarget "ConveniAppUITests" */ = {
			isa = XCConfigurationList;
			buildConfigurations = (
				1BB5ABB52687504000CB6C1A /* Debug */,
				1BB5ABB62687504000CB6C1A /* Release */,
			);
			defaultConfigurationIsVisible = 0;
			defaultConfigurationName = Release;
		};
/* End XCConfigurationList section */

/* Begin XCRemoteSwiftPackageReference section */
		1B322E4626B043A40094F351 /* XCRemoteSwiftPackageReference "Kanna" */ = {
			isa = XCRemoteSwiftPackageReference;
			repositoryURL = "https://github.com/tid-kijyun/Kanna";
			requirement = {
				kind = upToNextMajorVersion;
				minimumVersion = 5.0.0;
			};
		};
		1B3254CE269FAC6A00929F01 /* XCRemoteSwiftPackageReference "swift-log-oslog" */ = {
			isa = XCRemoteSwiftPackageReference;
			repositoryURL = "https://github.com/inmotionsoftware/swift-log-oslog.git";
			requirement = {
				kind = upToNextMajorVersion;
				minimumVersion = 1.0.0;
			};
		};
/* End XCRemoteSwiftPackageReference section */

/* Begin XCSwiftPackageProductDependency section */
		1B322E4726B043A40094F351 /* Kanna */ = {
			isa = XCSwiftPackageProductDependency;
			package = 1B322E4626B043A40094F351 /* XCRemoteSwiftPackageReference "Kanna" */;
			productName = Kanna;
		};
		1B3254CF269FAC6B00929F01 /* LoggingOSLog */ = {
			isa = XCSwiftPackageProductDependency;
			package = 1B3254CE269FAC6A00929F01 /* XCRemoteSwiftPackageReference "swift-log-oslog" */;
			productName = LoggingOSLog;
		};
/* End XCSwiftPackageProductDependency section */
	};
	rootObject = 1BB5AB842687503F00CB6C1A /* Project object */;
}
